
Microsoft Visual Studio Solution File, Format Version 12.00
# Visual Studio Version 17
VisualStudioVersion = 17.1.32319.34
MinimumVisualStudioVersion = 10.0.40219.1
Project("{FAE04EC0-301F-11D3-BF4B-00C04F79EFBC}") = "scp939rework", "scp939rework\scp939rework.csproj", "{E62635F1-2FEC-4761-AF19-4657D742DA29}"
EndProject
Global
	GlobalSection(SolutionConfigurationPlatforms) = preSolution
		Debug|Any CPU = Debug|Any CPU
		Release|Any CPU = Release|Any CPU
	EndGlobalSection
	GlobalSection(ProjectConfigurationPlatforms) = postSolution
		{E62635F1-2FEC-4761-AF19-4657D742DA29}.Debug|Any CPU.ActiveCfg = Debug|Any CPU
		{E62635F1-2FEC-4761-AF19-4657D742DA29}.Debug|Any CPU.Build.0 = Debug|Any CPU
		{E62635F1-2FEC-4761-AF19-4657D742DA29}.Release|Any CPU.ActiveCfg = Release|Any CPU
		{E62635F1-2FEC-4761-AF19-4657D742DA29}.Release|Any CPU.Build.0 = Release|Any CPU
	EndGlobalSection
	GlobalSection(SolutionProperties) = preSolution
		HideSolutionNode = FALSE
	EndGlobalSection
	GlobalSection(ExtensibilityGlobals) = postSolution
		SolutionGuid = {F3DCEE49-93D4-4016-BD84-8AB1D85E39E0}
	EndGlobalSection
EndGlobal
